// !$*UTF8*$!
{
	archiveVersion = 1;
	classes = {
	};
	objectVersion = 55;
	objects = {

/* Begin PBXBuildFile section */
		DC301C22271BF9A300C69141 /* AppDelegate.swift in Sources */ = {isa = PBXBuildFile; fileRef = DC301C21271BF9A300C69141 /* AppDelegate.swift */; };
		DC301C24271BF9A300C69141 /* SceneDelegate.swift in Sources */ = {isa = PBXBuildFile; fileRef = DC301C23271BF9A300C69141 /* SceneDelegate.swift */; };
		DC301C26271BF9A300C69141 /* ViewController.swift in Sources */ = {isa = PBXBuildFile; fileRef = DC301C25271BF9A300C69141 /* ViewController.swift */; };
		DC301C29271BF9A300C69141 /* Main.storyboard in Resources */ = {isa = PBXBuildFile; fileRef = DC301C27271BF9A300C69141 /* Main.storyboard */; };
		DC301C2B271BF9A400C69141 /* Assets.xcassets in Resources */ = {isa = PBXBuildFile; fileRef = DC301C2A271BF9A400C69141 /* Assets.xcassets */; };
		DC301C2E271BF9A400C69141 /* LaunchScreen.storyboard in Resources */ = {isa = PBXBuildFile; fileRef = DC301C2C271BF9A400C69141 /* LaunchScreen.storyboard */; };
		DC301C39271BF9A400C69141 /* BelalTestAreaTests.swift in Sources */ = {isa = PBXBuildFile; fileRef = DC301C38271BF9A400C69141 /* BelalTestAreaTests.swift */; };
		DC301C43271BF9A400C69141 /* BelalTestAreaUITests.swift in Sources */ = {isa = PBXBuildFile; fileRef = DC301C42271BF9A400C69141 /* BelalTestAreaUITests.swift */; };
		DC301C45271BF9A400C69141 /* BelalTestAreaUITestsLaunchTests.swift in Sources */ = {isa = PBXBuildFile; fileRef = DC301C44271BF9A400C69141 /* BelalTestAreaUITestsLaunchTests.swift */; };
/* End PBXBuildFile section */

/* Begin PBXContainerItemProxy section */
		DC301C35271BF9A400C69141 /* PBXContainerItemProxy */ = {
			isa = PBXContainerItemProxy;
			containerPortal = DC301C16271BF9A300C69141 /* Project object */;
			proxyType = 1;
			remoteGlobalIDString = DC301C1D271BF9A300C69141;
			remoteInfo = BelalTestArea;
		};
		DC301C3F271BF9A400C69141 /* PBXContainerItemProxy */ = {
			isa = PBXContainerItemProxy;
			containerPortal = DC301C16271BF9A300C69141 /* Project object */;
			proxyType = 1;
			remoteGlobalIDString = DC301C1D271BF9A300C69141;
			remoteInfo = BelalTestArea;
		};
/* End PBXContainerItemProxy section */

/* Begin PBXFileReference section */
		DC301C1E271BF9A300C69141 /* BelalTestArea.app */ = {isa = PBXFileReference; explicitFileType = wrapper.application; includeInIndex = 0; path = BelalTestArea.app; sourceTree = BUILT_PRODUCTS_DIR; };
		DC301C21271BF9A300C69141 /* AppDelegate.swift */ = {isa = PBXFileReference; lastKnownFileType = sourcecode.swift; path = AppDelegate.swift; sourceTree = "<group>"; };
		DC301C23271BF9A300C69141 /* SceneDelegate.swift */ = {isa = PBXFileReference; lastKnownFileType = sourcecode.swift; path = SceneDelegate.swift; sourceTree = "<group>"; };
		DC301C25271BF9A300C69141 /* ViewController.swift */ = {isa = PBXFileReference; lastKnownFileType = sourcecode.swift; path = ViewController.swift; sourceTree = "<group>"; };
		DC301C28271BF9A300C69141 /* Base */ = {isa = PBXFileReference; lastKnownFileType = file.storyboard; name = Base; path = Base.lproj/Main.storyboard; sourceTree = "<group>"; };
		DC301C2A271BF9A400C69141 /* Assets.xcassets */ = {isa = PBXFileReference; lastKnownFileType = folder.assetcatalog; path = Assets.xcassets; sourceTree = "<group>"; };
		DC301C2D271BF9A400C69141 /* Base */ = {isa = PBXFileReference; lastKnownFileType = file.storyboard; name = Base; path = Base.lproj/LaunchScreen.storyboard; sourceTree = "<group>"; };
		DC301C2F271BF9A400C69141 /* Info.plist */ = {isa = PBXFileReference; lastKnownFileType = text.plist.xml; path = Info.plist; sourceTree = "<group>"; };
		DC301C34271BF9A400C69141 /* BelalTestAreaTests.xctest */ = {isa = PBXFileReference; explicitFileType = wrapper.cfbundle; includeInIndex = 0; path = BelalTestAreaTests.xctest; sourceTree = BUILT_PRODUCTS_DIR; };
		DC301C38271BF9A400C69141 /* BelalTestAreaTests.swift */ = {isa = PBXFileReference; lastKnownFileType = sourcecode.swift; path = BelalTestAreaTests.swift; sourceTree = "<group>"; };
		DC301C3E271BF9A400C69141 /* BelalTestAreaUITests.xctest */ = {isa = PBXFileReference; explicitFileType = wrapper.cfbundle; includeInIndex = 0; path = BelalTestAreaUITests.xctest; sourceTree = BUILT_PRODUCTS_DIR; };
		DC301C42271BF9A400C69141 /* BelalTestAreaUITests.swift */ = {isa = PBXFileReference; lastKnownFileType = sourcecode.swift; path = BelalTestAreaUITests.swift; sourceTree = "<group>"; };
		DC301C44271BF9A400C69141 /* BelalTestAreaUITestsLaunchTests.swift */ = {isa = PBXFileReference; lastKnownFileType = sourcecode.swift; path = BelalTestAreaUITestsLaunchTests.swift; sourceTree = "<group>"; };
/* End PBXFileReference section */

/* Begin PBXFrameworksBuildPhase section */
		DC301C1B271BF9A300C69141 /* Frameworks */ = {
			isa = PBXFrameworksBuildPhase;
			buildActionMask = 2147483647;
			files = (
			);
			runOnlyForDeploymentPostprocessing = 0;
		};
		DC301C31271BF9A400C69141 /* Frameworks */ = {
			isa = PBXFrameworksBuildPhase;
			buildActionMask = 2147483647;
			files = (
			);
			runOnlyForDeploymentPostprocessing = 0;
		};
		DC301C3B271BF9A400C69141 /* Frameworks */ = {
			isa = PBXFrameworksBuildPhase;
			buildActionMask = 2147483647;
			files = (
			);
			runOnlyForDeploymentPostprocessing = 0;
		};
/* End PBXFrameworksBuildPhase section */

/* Begin PBXGroup section */
		DC301C15271BF9A300C69141 = {
			isa = PBXGroup;
			children = (
				DC301C20271BF9A300C69141 /* BelalTestArea */,
				DC301C37271BF9A400C69141 /* BelalTestAreaTests */,
				DC301C41271BF9A400C69141 /* BelalTestAreaUITests */,
				DC301C1F271BF9A300C69141 /* Products */,
			);
			sourceTree = "<group>";
		};
		DC301C1F271BF9A300C69141 /* Products */ = {
			isa = PBXGroup;
			children = (
				DC301C1E271BF9A300C69141 /* BelalTestArea.app */,
				DC301C34271BF9A400C69141 /* BelalTestAreaTests.xctest */,
				DC301C3E271BF9A400C69141 /* BelalTestAreaUITests.xctest */,
			);
			name = Products;
			sourceTree = "<group>";
		};
		DC301C20271BF9A300C69141 /* BelalTestArea */ = {
			isa = PBXGroup;
			children = (
				DC301C21271BF9A300C69141 /* AppDelegate.swift */,
				DC301C23271BF9A300C69141 /* SceneDelegate.swift */,
				DC301C25271BF9A300C69141 /* ViewController.swift */,
				DC301C27271BF9A300C69141 /* Main.storyboard */,
				DC301C2A271BF9A400C69141 /* Assets.xcassets */,
				DC301C2C271BF9A400C69141 /* LaunchScreen.storyboard */,
				DC301C2F271BF9A400C69141 /* Info.plist */,
			);
			path = BelalTestArea;
			sourceTree = "<group>";
		};
		DC301C37271BF9A400C69141 /* BelalTestAreaTests */ = {
			isa = PBXGroup;
			children = (
				DC301C38271BF9A400C69141 /* BelalTestAreaTests.swift */,
			);
			path = BelalTestAreaTests;
			sourceTree = "<group>";
		};
		DC301C41271BF9A400C69141 /* BelalTestAreaUITests */ = {
			isa = PBXGroup;
			children = (
				DC301C42271BF9A400C69141 /* BelalTestAreaUITests.swift */,
				DC301C44271BF9A400C69141 /* BelalTestAreaUITestsLaunchTests.swift */,
			);
			path = BelalTestAreaUITests;
			sourceTree = "<group>";
		};
/* End PBXGroup section */

/* Begin PBXNativeTarget section */
		DC301C1D271BF9A300C69141 /* BelalTestArea */ = {
			isa = PBXNativeTarget;
			buildConfigurationList = DC301C48271BF9A400C69141 /* Build configuration list for PBXNativeTarget "BelalTestArea" */;
			buildPhases = (
				DC301C1A271BF9A300C69141 /* Sources */,
				DC301C1B271BF9A300C69141 /* Frameworks */,
				DC301C1C271BF9A300C69141 /* Resources */,
			);
			buildRules = (
			);
			dependencies = (
			);
			name = BelalTestArea;
			productName = BelalTestArea;
			productReference = DC301C1E271BF9A300C69141 /* BelalTestArea.app */;
			productType = "com.apple.product-type.application";
		};
		DC301C33271BF9A400C69141 /* BelalTestAreaTests */ = {
			isa = PBXNativeTarget;
			buildConfigurationList = DC301C4B271BF9A400C69141 /* Build configuration list for PBXNativeTarget "BelalTestAreaTests" */;
			buildPhases = (
				DC301C30271BF9A400C69141 /* Sources */,
				DC301C31271BF9A400C69141 /* Frameworks */,
				DC301C32271BF9A400C69141 /* Resources */,
			);
			buildRules = (
			);
			dependencies = (
				DC301C36271BF9A400C69141 /* PBXTargetDependency */,
			);
			name = BelalTestAreaTests;
			productName = BelalTestAreaTests;
			productReference = DC301C34271BF9A400C69141 /* BelalTestAreaTests.xctest */;
			productType = "com.apple.product-type.bundle.unit-test";
		};
		DC301C3D271BF9A400C69141 /* BelalTestAreaUITests */ = {
			isa = PBXNativeTarget;
			buildConfigurationList = DC301C4E271BF9A400C69141 /* Build configuration list for PBXNativeTarget "BelalTestAreaUITests" */;
			buildPhases = (
				DC301C3A271BF9A400C69141 /* Sources */,
				DC301C3B271BF9A400C69141 /* Frameworks */,
				DC301C3C271BF9A400C69141 /* Resources */,
			);
			buildRules = (
			);
			dependencies = (
				DC301C40271BF9A400C69141 /* PBXTargetDependency */,
			);
			name = BelalTestAreaUITests;
			productName = BelalTestAreaUITests;
			productReference = DC301C3E271BF9A400C69141 /* BelalTestAreaUITests.xctest */;
			productType = "com.apple.product-type.bundle.ui-testing";
		};
/* End PBXNativeTarget section */

/* Begin PBXProject section */
		DC301C16271BF9A300C69141 /* Project object */ = {
			isa = PBXProject;
			attributes = {
				BuildIndependentTargetsInParallel = 1;
				LastSwiftUpdateCheck = 1300;
				LastUpgradeCheck = 1300;
				TargetAttributes = {
					DC301C1D271BF9A300C69141 = {
						CreatedOnToolsVersion = 13.0;
					};
					DC301C33271BF9A400C69141 = {
						CreatedOnToolsVersion = 13.0;
						TestTargetID = DC301C1D271BF9A300C69141;
					};
					DC301C3D271BF9A400C69141 = {
						CreatedOnToolsVersion = 13.0;
						TestTargetID = DC301C1D271BF9A300C69141;
					};
				};
			};
			buildConfigurationList = DC301C19271BF9A300C69141 /* Build configuration list for PBXProject "BelalTestArea" */;
			compatibilityVersion = "Xcode 13.0";
			developmentRegion = en;
			hasScannedForEncodings = 0;
			knownRegions = (
				en,
				Base,
			);
			mainGroup = DC301C15271BF9A300C69141;
			productRefGroup = DC301C1F271BF9A300C69141 /* Products */;
			projectDirPath = "";
			projectRoot = "";
			targets = (
				DC301C1D271BF9A300C69141 /* BelalTestArea */,
				DC301C33271BF9A400C69141 /* BelalTestAreaTests */,
				DC301C3D271BF9A400C69141 /* BelalTestAreaUITests */,
			);
		};
/* End PBXProject section */

/* Begin PBXResourcesBuildPhase section */
		DC301C1C271BF9A300C69141 /* Resources */ = {
			isa = PBXResourcesBuildPhase;
			buildActionMask = 2147483647;
			files = (
				DC301C2E271BF9A400C69141 /* LaunchScreen.storyboard in Resources */,
				DC301C2B271BF9A400C69141 /* Assets.xcassets in Resources */,
				DC301C29271BF9A300C69141 /* Main.storyboard in Resources */,
			);
			runOnlyForDeploymentPostprocessing = 0;
		};
		DC301C32271BF9A400C69141 /* Resources */ = {
			isa = PBXResourcesBuildPhase;
			buildActionMask = 2147483647;
			files = (
			);
			runOnlyForDeploymentPostprocessing = 0;
		};
		DC301C3C271BF9A400C69141 /* Resources */ = {
			isa = PBXResourcesBuildPhase;
			buildActionMask = 2147483647;
			files = (
			);
			runOnlyForDeploymentPostprocessing = 0;
		};
/* End PBXResourcesBuildPhase section */

/* Begin PBXSourcesBuildPhase section */
		DC301C1A271BF9A300C69141 /* Sources */ = {
			isa = PBXSourcesBuildPhase;
			buildActionMask = 2147483647;
			files = (
				DC301C26271BF9A300C69141 /* ViewController.swift in Sources */,
				DC301C22271BF9A300C69141 /* AppDelegate.swift in Sources */,
				DC301C24271BF9A300C69141 /* SceneDelegate.swift in Sources */,
			);
			runOnlyForDeploymentPostprocessing = 0;
		};
		DC301C30271BF9A400C69141 /* Sources */ = {
			isa = PBXSourcesBuildPhase;
			buildActionMask = 2147483647;
			files = (
				DC301C39271BF9A400C69141 /* BelalTestAreaTests.swift in Sources */,
			);
			runOnlyForDeploymentPostprocessing = 0;
		};
		DC301C3A271BF9A400C69141 /* Sources */ = {
			isa = PBXSourcesBuildPhase;
			buildActionMask = 2147483647;
			files = (
				DC301C45271BF9A400C69141 /* BelalTestAreaUITestsLaunchTests.swift in Sources */,
				DC301C43271BF9A400C69141 /* BelalTestAreaUITests.swift in Sources */,
			);
			runOnlyForDeploymentPostprocessing = 0;
		};
/* End PBXSourcesBuildPhase section */

/* Begin PBXTargetDependency section */
		DC301C36271BF9A400C69141 /* PBXTargetDependency */ = {
			isa = PBXTargetDependency;
			target = DC301C1D271BF9A300C69141 /* BelalTestArea */;
			targetProxy = DC301C35271BF9A400C69141 /* PBXContainerItemProxy */;
		};
		DC301C40271BF9A400C69141 /* PBXTargetDependency */ = {
			isa = PBXTargetDependency;
			target = DC301C1D271BF9A300C69141 /* BelalTestArea */;
			targetProxy = DC301C3F271BF9A400C69141 /* PBXContainerItemProxy */;
		};
/* End PBXTargetDependency section */

/* Begin PBXVariantGroup section */
		DC301C27271BF9A300C69141 /* Main.storyboard */ = {
			isa = PBXVariantGroup;
			children = (
				DC301C28271BF9A300C69141 /* Base */,
			);
			name = Main.storyboard;
			sourceTree = "<group>";
		};
		DC301C2C271BF9A400C69141 /* LaunchScreen.storyboard */ = {
			isa = PBXVariantGroup;
			children = (
				DC301C2D271BF9A400C69141 /* Base */,
			);
			name = LaunchScreen.storyboard;
			sourceTree = "<group>";
		};
/* End PBXVariantGroup section */

/* Begin XCBuildConfiguration section */
		DC301C46271BF9A400C69141 /* Debug */ = {
			isa = XCBuildConfiguration;
			buildSettings = {
				ALWAYS_SEARCH_USER_PATHS = NO;
				CLANG_ANALYZER_NONNULL = YES;
				CLANG_ANALYZER_NUMBER_OBJECT_CONVERSION = YES_AGGRESSIVE;
				CLANG_CXX_LANGUAGE_STANDARD = "gnu++17";
				CLANG_CXX_LIBRARY = "libc++";
				CLANG_ENABLE_MODULES = YES;
				CLANG_ENABLE_OBJC_ARC = YES;
				CLANG_ENABLE_OBJC_WEAK = YES;
				CLANG_WARN_BLOCK_CAPTURE_AUTORELEASING = YES;
				CLANG_WARN_BOOL_CONVERSION = YES;
				CLANG_WARN_COMMA = YES;
				CLANG_WARN_CONSTANT_CONVERSION = YES;
				CLANG_WARN_DEPRECATED_OBJC_IMPLEMENTATIONS = YES;
				CLANG_WARN_DIRECT_OBJC_ISA_USAGE = YES_ERROR;
				CLANG_WARN_DOCUMENTATION_COMMENTS = YES;
				CLANG_WARN_EMPTY_BODY = YES;
				CLANG_WARN_ENUM_CONVERSION = YES;
				CLANG_WARN_INFINITE_RECURSION = YES;
				CLANG_WARN_INT_CONVERSION = YES;
				CLANG_WARN_NON_LITERAL_NULL_CONVERSION = YES;
				CLANG_WARN_OBJC_IMPLICIT_RETAIN_SELF = YES;
				CLANG_WARN_OBJC_LITERAL_CONVERSION = YES;
				CLANG_WARN_OBJC_ROOT_CLASS = YES_ERROR;
				CLANG_WARN_QUOTED_INCLUDE_IN_FRAMEWORK_HEADER = YES;
				CLANG_WARN_RANGE_LOOP_ANALYSIS = YES;
				CLANG_WARN_STRICT_PROTOTYPES = YES;
				CLANG_WARN_SUSPICIOUS_MOVE = YES;
				CLANG_WARN_UNGUARDED_AVAILABILITY = YES_AGGRESSIVE;
				CLANG_WARN_UNREACHABLE_CODE = YES;
				CLANG_WARN__DUPLICATE_METHOD_MATCH = YES;
				COPY_PHASE_STRIP = NO;
				DEBUG_INFORMATION_FORMAT = dwarf;
				ENABLE_STRICT_OBJC_MSGSEND = YES;
				ENABLE_TESTABILITY = YES;
				GCC_C_LANGUAGE_STANDARD = gnu11;
				GCC_DYNAMIC_NO_PIC = NO;
				GCC_NO_COMMON_BLOCKS = YES;
				GCC_OPTIMIZATION_LEVEL = 0;
				GCC_PREPROCESSOR_DEFINITIONS = (
					"DEBUG=1",
					"$(inherited)",
				);
				GCC_WARN_64_TO_32_BIT_CONVERSION = YES;
				GCC_WARN_ABOUT_RETURN_TYPE = YES_ERROR;
				GCC_WARN_UNDECLARED_SELECTOR = YES;
				GCC_WARN_UNINITIALIZED_AUTOS = YES_AGGRESSIVE;
				GCC_WARN_UNUSED_FUNCTION = YES;
				GCC_WARN_UNUSED_VARIABLE = YES;
				IPHONEOS_DEPLOYMENT_TARGET = 15.0;
				MTL_ENABLE_DEBUG_INFO = INCLUDE_SOURCE;
				MTL_FAST_MATH = YES;
				ONLY_ACTIVE_ARCH = YES;
				SDKROOT = iphoneos;
				SWIFT_ACTIVE_COMPILATION_CONDITIONS = DEBUG;
				SWIFT_OPTIMIZATION_LEVEL = "-Onone";
			};
			name = Debug;
		};
		DC301C47271BF9A400C69141 /* Release */ = {
			isa = XCBuildConfiguration;
			buildSettings = {
				ALWAYS_SEARCH_USER_PATHS = NO;
				CLANG_ANALYZER_NONNULL = YES;
				CLANG_ANALYZER_NUMBER_OBJECT_CONVERSION = YES_AGGRESSIVE;
				CLANG_CXX_LANGUAGE_STANDARD = "gnu++17";
				CLANG_CXX_LIBRARY = "libc++";
				CLANG_ENABLE_MODULES = YES;
				CLANG_ENABLE_OBJC_ARC = YES;
				CLANG_ENABLE_OBJC_WEAK = YES;
				CLANG_WARN_BLOCK_CAPTURE_AUTORELEASING = YES;
				CLANG_WARN_BOOL_CONVERSION = YES;
				CLANG_WARN_COMMA = YES;
				CLANG_WARN_CONSTANT_CONVERSION = YES;
				CLANG_WARN_DEPRECATED_OBJC_IMPLEMENTATIONS = YES;
				CLANG_WARN_DIRECT_OBJC_ISA_USAGE = YES_ERROR;
				CLANG_WARN_DOCUMENTATION_COMMENTS = YES;
				CLANG_WARN_EMPTY_BODY = YES;
				CLANG_WARN_ENUM_CONVERSION = YES;
				CLANG_WARN_INFINITE_RECURSION = YES;
				CLANG_WARN_INT_CONVERSION = YES;
				CLANG_WARN_NON_LITERAL_NULL_CONVERSION = YES;
				CLANG_WARN_OBJC_IMPLICIT_RETAIN_SELF = YES;
				CLANG_WARN_OBJC_LITERAL_CONVERSION = YES;
				CLANG_WARN_OBJC_ROOT_CLASS = YES_ERROR;
				CLANG_WARN_QUOTED_INCLUDE_IN_FRAMEWORK_HEADER = YES;
				CLANG_WARN_RANGE_LOOP_ANALYSIS = YES;
				CLANG_WARN_STRICT_PROTOTYPES = YES;
				CLANG_WARN_SUSPICIOUS_MOVE = YES;
				CLANG_WARN_UNGUARDED_AVAILABILITY = YES_AGGRESSIVE;
				CLANG_WARN_UNREACHABLE_CODE = YES;
				CLANG_WARN__DUPLICATE_METHOD_MATCH = YES;
				COPY_PHASE_STRIP = NO;
				DEBUG_INFORMATION_FORMAT = "dwarf-with-dsym";
				ENABLE_NS_ASSERTIONS = NO;
				ENABLE_STRICT_OBJC_MSGSEND = YES;
				GCC_C_LANGUAGE_STANDARD = gnu11;
				GCC_NO_COMMON_BLOCKS = YES;
				GCC_WARN_64_TO_32_BIT_CONVERSION = YES;
				GCC_WARN_ABOUT_RETURN_TYPE = YES_ERROR;
				GCC_WARN_UNDECLARED_SELECTOR = YES;
				GCC_WARN_UNINITIALIZED_AUTOS = YES_AGGRESSIVE;
				GCC_WARN_UNUSED_FUNCTION = YES;
				GCC_WARN_UNUSED_VARIABLE = YES;
				IPHONEOS_DEPLOYMENT_TARGET = 15.0;
				MTL_ENABLE_DEBUG_INFO = NO;
				MTL_FAST_MATH = YES;
				SDKROOT = iphoneos;
				SWIFT_COMPILATION_MODE = wholemodule;
				SWIFT_OPTIMIZATION_LEVEL = "-O";
				VALIDATE_PRODUCT = YES;
			};
			name = Release;
		};
		DC301C49271BF9A400C69141 /* Debug */ = {
			isa = XCBuildConfiguration;
			buildSettings = {
				ASSETCATALOG_COMPILER_APPICON_NAME = AppIcon;
				ASSETCATALOG_COMPILER_GLOBAL_ACCENT_COLOR_NAME = AccentColor;
				CODE_SIGN_STYLE = Automatic;
				CURRENT_PROJECT_VERSION = 1;
				GENERATE_INFOPLIST_FILE = YES;
				INFOPLIST_FILE = BelalTestArea/Info.plist;
				INFOPLIST_KEY_UIApplicationSupportsIndirectInputEvents = YES;
				INFOPLIST_KEY_UILaunchStoryboardName = LaunchScreen;
				INFOPLIST_KEY_UIMainStoryboardFile = Main;
				INFOPLIST_KEY_UISupportedInterfaceOrientations_iPad = "UIInterfaceOrientationPortrait UIInterfaceOrientationPortraitUpsideDown UIInterfaceOrientationLandscapeLeft UIInterfaceOrientationLandscapeRight";
				INFOPLIST_KEY_UISupportedInterfaceOrientations_iPhone = "UIInterfaceOrientationPortrait UIInterfaceOrientationLandscapeLeft UIInterfaceOrientationLandscapeRight";
				LD_RUNPATH_SEARCH_PATHS = (
					"$(inherited)",
					"@executable_path/Frameworks",
				);
				MARKETING_VERSION = 1.0;
				PRODUCT_BUNDLE_IDENTIFIER = Belal.BelalTestArea;
				PRODUCT_NAME = "$(TARGET_NAME)";
				SWIFT_EMIT_LOC_STRINGS = YES;
				SWIFT_VERSION = 5.0;
				TARGETED_DEVICE_FAMILY = "1,2";
			};
			name = Debug;
		};
		DC301C4A271BF9A400C69141 /* Release */ = {
			isa = XCBuildConfiguration;
			buildSettings = {
				ASSETCATALOG_COMPILER_APPICON_NAME = AppIcon;
				ASSETCATALOG_COMPILER_GLOBAL_ACCENT_COLOR_NAME = AccentColor;
				CODE_SIGN_STYLE = Automatic;
				CURRENT_PROJECT_VERSION = 1;
				GENERATE_INFOPLIST_FILE = YES;
				INFOPLIST_FILE = BelalTestArea/Info.plist;
				INFOPLIST_KEY_UIApplicationSupportsIndirectInputEvents = YES;
				INFOPLIST_KEY_UILaunchStoryboardName = LaunchScreen;
				INFOPLIST_KEY_UIMainStoryboardFile = Main;
				INFOPLIST_KEY_UISupportedInterfaceOrientations_iPad = "UIInterfaceOrientationPortrait UIInterfaceOrientationPortraitUpsideDown UIInterfaceOrientationLandscapeLeft UIInterfaceOrientationLandscapeRight";
				INFOPLIST_KEY_UISupportedInterfaceOrientations_iPhone = "UIInterfaceOrientationPortrait UIInterfaceOrientationLandscapeLeft UIInterfaceOrientationLandscapeRight";
				LD_RUNPATH_SEARCH_PATHS = (
					"$(inherited)",
					"@executable_path/Frameworks",
				);
				MARKETING_VERSION = 1.0;
				PRODUCT_BUNDLE_IDENTIFIER = Belal.BelalTestArea;
				PRODUCT_NAME = "$(TARGET_NAME)";
				SWIFT_EMIT_LOC_STRINGS = YES;
				SWIFT_VERSION = 5.0;
				TARGETED_DEVICE_FAMILY = "1,2";
			};
			name = Release;
		};
		DC301C4C271BF9A400C69141 /* Debug */ = {
			isa = XCBuildConfiguration;
			buildSettings = {
				ALWAYS_EMBED_SWIFT_STANDARD_LIBRARIES = YES;
				BUNDLE_LOADER = "$(TEST_HOST)";
				CODE_SIGN_STYLE = Automatic;
				CURRENT_PROJECT_VERSION = 1;
				GENERATE_INFOPLIST_FILE = YES;
				IPHONEOS_DEPLOYMENT_TARGET = 15.0;
				LD_RUNPATH_SEARCH_PATHS = (
					"$(inherited)",
					"@executable_path/Frameworks",
					"@loader_path/Frameworks",
				);
				MARKETING_VERSION = 1.0;
				PRODUCT_BUNDLE_IDENTIFIER = Belal.BelalTestAreaTests;
				PRODUCT_NAME = "$(TARGET_NAME)";
				SWIFT_EMIT_LOC_STRINGS = NO;
				SWIFT_VERSION = 5.0;
				TARGETED_DEVICE_FAMILY = "1,2";
				TEST_HOST = "$(BUILT_PRODUCTS_DIR)/BelalTestArea.app/BelalTestArea";
			};
			name = Debug;
		};
		DC301C4D271BF9A400C69141 /* Release */ = {
			isa = XCBuildConfiguration;
			buildSettings = {
				ALWAYS_EMBED_SWIFT_STANDARD_LIBRARIES = YES;
				BUNDLE_LOADER = "$(TEST_HOST)";
				CODE_SIGN_STYLE = Automatic;
				CURRENT_PROJECT_VERSION = 1;
				GENERATE_INFOPLIST_FILE = YES;
				IPHONEOS_DEPLOYMENT_TARGET = 15.0;
				LD_RUNPATH_SEARCH_PATHS = (
					"$(inherited)",
					"@executable_path/Frameworks",
					"@loader_path/Frameworks",
				);
				MARKETING_VERSION = 1.0;
				PRODUCT_BUNDLE_IDENTIFIER = Belal.BelalTestAreaTests;
				PRODUCT_NAME = "$(TARGET_NAME)";
				SWIFT_EMIT_LOC_STRINGS = NO;
				SWIFT_VERSION = 5.0;
				TARGETED_DEVICE_FAMILY = "1,2";
				TEST_HOST = "$(BUILT_PRODUCTS_DIR)/BelalTestArea.app/BelalTestArea";
			};
			name = Release;
		};
		DC301C4F271BF9A400C69141 /* Debug */ = {
			isa = XCBuildConfiguration;
			buildSettings = {
				ALWAYS_EMBED_SWIFT_STANDARD_LIBRARIES = YES;
				CODE_SIGN_STYLE = Automatic;
				CURRENT_PROJECT_VERSION = 1;
				GENERATE_INFOPLIST_FILE = YES;
				LD_RUNPATH_SEARCH_PATHS = (
					"$(inherited)",
					"@executable_path/Frameworks",
					"@loader_path/Frameworks",
				);
				MARKETING_VERSION = 1.0;
				PRODUCT_BUNDLE_IDENTIFIER = Belal.BelalTestAreaUITests;
				PRODUCT_NAME = "$(TARGET_NAME)";
				SWIFT_EMIT_LOC_STRINGS = NO;
				SWIFT_VERSION = 5.0;
				TARGETED_DEVICE_FAMILY = "1,2";
				TEST_TARGET_NAME = BelalTestArea;
			};
			name = Debug;
		};
		DC301C50271BF9A400C69141 /* Release */ = {
			isa = XCBuildConfiguration;
			buildSettings = {
				ALWAYS_EMBED_SWIFT_STANDARD_LIBRARIES = YES;
				CODE_SIGN_STYLE = Automatic;
				CURRENT_PROJECT_VERSION = 1;
				GENERATE_INFOPLIST_FILE = YES;
				LD_RUNPATH_SEARCH_PATHS = (
					"$(inherited)",
					"@executable_path/Frameworks",
					"@loader_path/Frameworks",
				);
				MARKETING_VERSION = 1.0;
				PRODUCT_BUNDLE_IDENTIFIER = Belal.BelalTestAreaUITests;
				PRODUCT_NAME = "$(TARGET_NAME)";
				SWIFT_EMIT_LOC_STRINGS = NO;
				SWIFT_VERSION = 5.0;
				TARGETED_DEVICE_FAMILY = "1,2";
				TEST_TARGET_NAME = BelalTestArea;
			};
			name = Release;
		};
/* End XCBuildConfiguration section */

/* Begin XCConfigurationList section */
		DC301C19271BF9A300C69141 /* Build configuration list for PBXProject "BelalTestArea" */ = {
			isa = XCConfigurationList;
			buildConfigurations = (
				DC301C46271BF9A400C69141 /* Debug */,
				DC301C47271BF9A400C69141 /* Release */,
			);
			defaultConfigurationIsVisible = 0;
			defaultConfigurationName = Release;
		};
		DC301C48271BF9A400C69141 /* Build configuration list for PBXNativeTarget "BelalTestArea" */ = {
			isa = XCConfigurationList;
			buildConfigurations = (
				DC301C49271BF9A400C69141 /* Debug */,
				DC301C4A271BF9A400C69141 /* Release */,
			);
			defaultConfigurationIsVisible = 0;
			defaultConfigurationName = Release;
		};
		DC301C4B271BF9A400C69141 /* Build configuration list for PBXNativeTarget "BelalTestAreaTests" */ = {
			isa = XCConfigurationList;
			buildConfigurations = (
				DC301C4C271BF9A400C69141 /* Debug */,
				DC301C4D271BF9A400C69141 /* Release */,
			);
			defaultConfigurationIsVisible = 0;
			defaultConfigurationName = Release;
		};
		DC301C4E271BF9A400C69141 /* Build configuration list for PBXNativeTarget "BelalTestAreaUITests" */ = {
			isa = XCConfigurationList;
			buildConfigurations = (
				DC301C4F271BF9A400C69141 /* Debug */,
				DC301C50271BF9A400C69141 /* Release */,
			);
			defaultConfigurationIsVisible = 0;
			defaultConfigurationName = Release;
		};
/* End XCConfigurationList section */
	};
	rootObject = DC301C16271BF9A300C69141 /* Project object */;
}
