// !$*UTF8*$!
{
	archiveVersion = 1;
	classes = {
	};
	objectVersion = 55;
	objects = {

/* Begin PBXBuildFile section */
		1164F5A6271D47E200B8ADEC /* AppDelegate.swift in Sources */ = {isa = PBXBuildFile; fileRef = 1164F5A5271D47E200B8ADEC /* AppDelegate.swift */; };
		1164F5A8271D47E200B8ADEC /* SceneDelegate.swift in Sources */ = {isa = PBXBuildFile; fileRef = 1164F5A7271D47E200B8ADEC /* SceneDelegate.swift */; };
		1164F5AA271D47E200B8ADEC /* ViewController.swift in Sources */ = {isa = PBXBuildFile; fileRef = 1164F5A9271D47E200B8ADEC /* ViewController.swift */; };
		1164F5AD271D47E200B8ADEC /* Main.storyboard in Resources */ = {isa = PBXBuildFile; fileRef = 1164F5AB271D47E200B8ADEC /* Main.storyboard */; };
		1164F5AF271D47E400B8ADEC /* Assets.xcassets in Resources */ = {isa = PBXBuildFile; fileRef = 1164F5AE271D47E400B8ADEC /* Assets.xcassets */; };
		1164F5B2271D47E400B8ADEC /* LaunchScreen.storyboard in Resources */ = {isa = PBXBuildFile; fileRef = 1164F5B0271D47E400B8ADEC /* LaunchScreen.storyboard */; };
		1164F5BD271D47E400B8ADEC /* Lab_7_DTests.swift in Sources */ = {isa = PBXBuildFile; fileRef = 1164F5BC271D47E400B8ADEC /* Lab_7_DTests.swift */; };
		1164F5C7271D47E400B8ADEC /* Lab_7_DUITests.swift in Sources */ = {isa = PBXBuildFile; fileRef = 1164F5C6271D47E400B8ADEC /* Lab_7_DUITests.swift */; };
		1164F5C9271D47E400B8ADEC /* Lab_7_DUITestsLaunchTests.swift in Sources */ = {isa = PBXBuildFile; fileRef = 1164F5C8271D47E400B8ADEC /* Lab_7_DUITestsLaunchTests.swift */; };
/* End PBXBuildFile section */

/* Begin PBXContainerItemProxy section */
		1164F5B9271D47E400B8ADEC /* PBXContainerItemProxy */ = {
			isa = PBXContainerItemProxy;
			containerPortal = 1164F59A271D47E200B8ADEC /* Project object */;
			proxyType = 1;
			remoteGlobalIDString = 1164F5A1271D47E200B8ADEC;
			remoteInfo = "Lab 7 D";
		};
		1164F5C3271D47E400B8ADEC /* PBXContainerItemProxy */ = {
			isa = PBXContainerItemProxy;
			containerPortal = 1164F59A271D47E200B8ADEC /* Project object */;
			proxyType = 1;
			remoteGlobalIDString = 1164F5A1271D47E200B8ADEC;
			remoteInfo = "Lab 7 D";
		};
/* End PBXContainerItemProxy section */

/* Begin PBXFileReference section */
		1164F5A2271D47E200B8ADEC /* Lab 7 D.app */ = {isa = PBXFileReference; explicitFileType = wrapper.application; includeInIndex = 0; path = "Lab 7 D.app"; sourceTree = BUILT_PRODUCTS_DIR; };
		1164F5A5271D47E200B8ADEC /* AppDelegate.swift */ = {isa = PBXFileReference; lastKnownFileType = sourcecode.swift; path = AppDelegate.swift; sourceTree = "<group>"; };
		1164F5A7271D47E200B8ADEC /* SceneDelegate.swift */ = {isa = PBXFileReference; lastKnownFileType = sourcecode.swift; path = SceneDelegate.swift; sourceTree = "<group>"; };
		1164F5A9271D47E200B8ADEC /* ViewController.swift */ = {isa = PBXFileReference; lastKnownFileType = sourcecode.swift; path = ViewController.swift; sourceTree = "<group>"; };
		1164F5AC271D47E200B8ADEC /* Base */ = {isa = PBXFileReference; lastKnownFileType = file.storyboard; name = Base; path = Base.lproj/Main.storyboard; sourceTree = "<group>"; };
		1164F5AE271D47E400B8ADEC /* Assets.xcassets */ = {isa = PBXFileReference; lastKnownFileType = folder.assetcatalog; path = Assets.xcassets; sourceTree = "<group>"; };
		1164F5B1271D47E400B8ADEC /* Base */ = {isa = PBXFileReference; lastKnownFileType = file.storyboard; name = Base; path = Base.lproj/LaunchScreen.storyboard; sourceTree = "<group>"; };
		1164F5B3271D47E400B8ADEC /* Info.plist */ = {isa = PBXFileReference; lastKnownFileType = text.plist.xml; path = Info.plist; sourceTree = "<group>"; };
		1164F5B8271D47E400B8ADEC /* Lab 7 DTests.xctest */ = {isa = PBXFileReference; explicitFileType = wrapper.cfbundle; includeInIndex = 0; path = "Lab 7 DTests.xctest"; sourceTree = BUILT_PRODUCTS_DIR; };
		1164F5BC271D47E400B8ADEC /* Lab_7_DTests.swift */ = {isa = PBXFileReference; lastKnownFileType = sourcecode.swift; path = Lab_7_DTests.swift; sourceTree = "<group>"; };
		1164F5C2271D47E400B8ADEC /* Lab 7 DUITests.xctest */ = {isa = PBXFileReference; explicitFileType = wrapper.cfbundle; includeInIndex = 0; path = "Lab 7 DUITests.xctest"; sourceTree = BUILT_PRODUCTS_DIR; };
		1164F5C6271D47E400B8ADEC /* Lab_7_DUITests.swift */ = {isa = PBXFileReference; lastKnownFileType = sourcecode.swift; path = Lab_7_DUITests.swift; sourceTree = "<group>"; };
		1164F5C8271D47E400B8ADEC /* Lab_7_DUITestsLaunchTests.swift */ = {isa = PBXFileReference; lastKnownFileType = sourcecode.swift; path = Lab_7_DUITestsLaunchTests.swift; sourceTree = "<group>"; };
/* End PBXFileReference section */

/* Begin PBXFrameworksBuildPhase section */
		1164F59F271D47E200B8ADEC /* Frameworks */ = {
			isa = PBXFrameworksBuildPhase;
			buildActionMask = 2147483647;
			files = (
			);
			runOnlyForDeploymentPostprocessing = 0;
		};
		1164F5B5271D47E400B8ADEC /* Frameworks */ = {
			isa = PBXFrameworksBuildPhase;
			buildActionMask = 2147483647;
			files = (
			);
			runOnlyForDeploymentPostprocessing = 0;
		};
		1164F5BF271D47E400B8ADEC /* Frameworks */ = {
			isa = PBXFrameworksBuildPhase;
			buildActionMask = 2147483647;
			files = (
			);
			runOnlyForDeploymentPostprocessing = 0;
		};
/* End PBXFrameworksBuildPhase section */

/* Begin PBXGroup section */
		1164F599271D47E200B8ADEC = {
			isa = PBXGroup;
			children = (
				1164F5A4271D47E200B8ADEC /* Lab 7 D */,
				1164F5BB271D47E400B8ADEC /* Lab 7 DTests */,
				1164F5C5271D47E400B8ADEC /* Lab 7 DUITests */,
				1164F5A3271D47E200B8ADEC /* Products */,
			);
			sourceTree = "<group>";
		};
		1164F5A3271D47E200B8ADEC /* Products */ = {
			isa = PBXGroup;
			children = (
				1164F5A2271D47E200B8ADEC /* Lab 7 D.app */,
				1164F5B8271D47E400B8ADEC /* Lab 7 DTests.xctest */,
				1164F5C2271D47E400B8ADEC /* Lab 7 DUITests.xctest */,
			);
			name = Products;
			sourceTree = "<group>";
		};
		1164F5A4271D47E200B8ADEC /* Lab 7 D */ = {
			isa = PBXGroup;
			children = (
				1164F5A5271D47E200B8ADEC /* AppDelegate.swift */,
				1164F5A7271D47E200B8ADEC /* SceneDelegate.swift */,
				1164F5A9271D47E200B8ADEC /* ViewController.swift */,
				1164F5AB271D47E200B8ADEC /* Main.storyboard */,
				1164F5AE271D47E400B8ADEC /* Assets.xcassets */,
				1164F5B0271D47E400B8ADEC /* LaunchScreen.storyboard */,
				1164F5B3271D47E400B8ADEC /* Info.plist */,
			);
			path = "Lab 7 D";
			sourceTree = "<group>";
		};
		1164F5BB271D47E400B8ADEC /* Lab 7 DTests */ = {
			isa = PBXGroup;
			children = (
				1164F5BC271D47E400B8ADEC /* Lab_7_DTests.swift */,
			);
			path = "Lab 7 DTests";
			sourceTree = "<group>";
		};
		1164F5C5271D47E400B8ADEC /* Lab 7 DUITests */ = {
			isa = PBXGroup;
			children = (
				1164F5C6271D47E400B8ADEC /* Lab_7_DUITests.swift */,
				1164F5C8271D47E400B8ADEC /* Lab_7_DUITestsLaunchTests.swift */,
			);
			path = "Lab 7 DUITests";
			sourceTree = "<group>";
		};
/* End PBXGroup section */

/* Begin PBXNativeTarget section */
		1164F5A1271D47E200B8ADEC /* Lab 7 D */ = {
			isa = PBXNativeTarget;
			buildConfigurationList = 1164F5CC271D47E400B8ADEC /* Build configuration list for PBXNativeTarget "Lab 7 D" */;
			buildPhases = (
				1164F59E271D47E200B8ADEC /* Sources */,
				1164F59F271D47E200B8ADEC /* Frameworks */,
				1164F5A0271D47E200B8ADEC /* Resources */,
			);
			buildRules = (
			);
			dependencies = (
			);
			name = "Lab 7 D";
			productName = "Lab 7 D";
			productReference = 1164F5A2271D47E200B8ADEC /* Lab 7 D.app */;
			productType = "com.apple.product-type.application";
		};
		1164F5B7271D47E400B8ADEC /* Lab 7 DTests */ = {
			isa = PBXNativeTarget;
			buildConfigurationList = 1164F5CF271D47E400B8ADEC /* Build configuration list for PBXNativeTarget "Lab 7 DTests" */;
			buildPhases = (
				1164F5B4271D47E400B8ADEC /* Sources */,
				1164F5B5271D47E400B8ADEC /* Frameworks */,
				1164F5B6271D47E400B8ADEC /* Resources */,
			);
			buildRules = (
			);
			dependencies = (
				1164F5BA271D47E400B8ADEC /* PBXTargetDependency */,
			);
			name = "Lab 7 DTests";
			productName = "Lab 7 DTests";
			productReference = 1164F5B8271D47E400B8ADEC /* Lab 7 DTests.xctest */;
			productType = "com.apple.product-type.bundle.unit-test";
		};
		1164F5C1271D47E400B8ADEC /* Lab 7 DUITests */ = {
			isa = PBXNativeTarget;
			buildConfigurationList = 1164F5D2271D47E400B8ADEC /* Build configuration list for PBXNativeTarget "Lab 7 DUITests" */;
			buildPhases = (
				1164F5BE271D47E400B8ADEC /* Sources */,
				1164F5BF271D47E400B8ADEC /* Frameworks */,
				1164F5C0271D47E400B8ADEC /* Resources */,
			);
			buildRules = (
			);
			dependencies = (
				1164F5C4271D47E400B8ADEC /* PBXTargetDependency */,
			);
			name = "Lab 7 DUITests";
			productName = "Lab 7 DUITests";
			productReference = 1164F5C2271D47E400B8ADEC /* Lab 7 DUITests.xctest */;
			productType = "com.apple.product-type.bundle.ui-testing";
		};
/* End PBXNativeTarget section */

/* Begin PBXProject section */
		1164F59A271D47E200B8ADEC /* Project object */ = {
			isa = PBXProject;
			attributes = {
				BuildIndependentTargetsInParallel = 1;
				LastSwiftUpdateCheck = 1300;
				LastUpgradeCheck = 1300;
				TargetAttributes = {
					1164F5A1271D47E200B8ADEC = {
						CreatedOnToolsVersion = 13.0;
					};
					1164F5B7271D47E400B8ADEC = {
						CreatedOnToolsVersion = 13.0;
						TestTargetID = 1164F5A1271D47E200B8ADEC;
					};
					1164F5C1271D47E400B8ADEC = {
						CreatedOnToolsVersion = 13.0;
						TestTargetID = 1164F5A1271D47E200B8ADEC;
					};
				};
			};
			buildConfigurationList = 1164F59D271D47E200B8ADEC /* Build configuration list for PBXProject "Lab 7 D" */;
			compatibilityVersion = "Xcode 13.0";
			developmentRegion = en;
			hasScannedForEncodings = 0;
			knownRegions = (
				en,
				Base,
			);
			mainGroup = 1164F599271D47E200B8ADEC;
			productRefGroup = 1164F5A3271D47E200B8ADEC /* Products */;
			projectDirPath = "";
			projectRoot = "";
			targets = (
				1164F5A1271D47E200B8ADEC /* Lab 7 D */,
				1164F5B7271D47E400B8ADEC /* Lab 7 DTests */,
				1164F5C1271D47E400B8ADEC /* Lab 7 DUITests */,
			);
		};
/* End PBXProject section */

/* Begin PBXResourcesBuildPhase section */
		1164F5A0271D47E200B8ADEC /* Resources */ = {
			isa = PBXResourcesBuildPhase;
			buildActionMask = 2147483647;
			files = (
				1164F5B2271D47E400B8ADEC /* LaunchScreen.storyboard in Resources */,
				1164F5AF271D47E400B8ADEC /* Assets.xcassets in Resources */,
				1164F5AD271D47E200B8ADEC /* Main.storyboard in Resources */,
			);
			runOnlyForDeploymentPostprocessing = 0;
		};
		1164F5B6271D47E400B8ADEC /* Resources */ = {
			isa = PBXResourcesBuildPhase;
			buildActionMask = 2147483647;
			files = (
			);
			runOnlyForDeploymentPostprocessing = 0;
		};
		1164F5C0271D47E400B8ADEC /* Resources */ = {
			isa = PBXResourcesBuildPhase;
			buildActionMask = 2147483647;
			files = (
			);
			runOnlyForDeploymentPostprocessing = 0;
		};
/* End PBXResourcesBuildPhase section */

/* Begin PBXSourcesBuildPhase section */
		1164F59E271D47E200B8ADEC /* Sources */ = {
			isa = PBXSourcesBuildPhase;
			buildActionMask = 2147483647;
			files = (
				1164F5AA271D47E200B8ADEC /* ViewController.swift in Sources */,
				1164F5A6271D47E200B8ADEC /* AppDelegate.swift in Sources */,
				1164F5A8271D47E200B8ADEC /* SceneDelegate.swift in Sources */,
			);
			runOnlyForDeploymentPostprocessing = 0;
		};
		1164F5B4271D47E400B8ADEC /* Sources */ = {
			isa = PBXSourcesBuildPhase;
			buildActionMask = 2147483647;
			files = (
				1164F5BD271D47E400B8ADEC /* Lab_7_DTests.swift in Sources */,
			);
			runOnlyForDeploymentPostprocessing = 0;
		};
		1164F5BE271D47E400B8ADEC /* Sources */ = {
			isa = PBXSourcesBuildPhase;
			buildActionMask = 2147483647;
			files = (
				1164F5C7271D47E400B8ADEC /* Lab_7_DUITests.swift in Sources */,
				1164F5C9271D47E400B8ADEC /* Lab_7_DUITestsLaunchTests.swift in Sources */,
			);
			runOnlyForDeploymentPostprocessing = 0;
		};
/* End PBXSourcesBuildPhase section */

/* Begin PBXTargetDependency section */
		1164F5BA271D47E400B8ADEC /* PBXTargetDependency */ = {
			isa = PBXTargetDependency;
			target = 1164F5A1271D47E200B8ADEC /* Lab 7 D */;
			targetProxy = 1164F5B9271D47E400B8ADEC /* PBXContainerItemProxy */;
		};
		1164F5C4271D47E400B8ADEC /* PBXTargetDependency */ = {
			isa = PBXTargetDependency;
			target = 1164F5A1271D47E200B8ADEC /* Lab 7 D */;
			targetProxy = 1164F5C3271D47E400B8ADEC /* PBXContainerItemProxy */;
		};
/* End PBXTargetDependency section */

/* Begin PBXVariantGroup section */
		1164F5AB271D47E200B8ADEC /* Main.storyboard */ = {
			isa = PBXVariantGroup;
			children = (
				1164F5AC271D47E200B8ADEC /* Base */,
			);
			name = Main.storyboard;
			sourceTree = "<group>";
		};
		1164F5B0271D47E400B8ADEC /* LaunchScreen.storyboard */ = {
			isa = PBXVariantGroup;
			children = (
				1164F5B1271D47E400B8ADEC /* Base */,
			);
			name = LaunchScreen.storyboard;
			sourceTree = "<group>";
		};
/* End PBXVariantGroup section */

/* Begin XCBuildConfiguration section */
		1164F5CA271D47E400B8ADEC /* Debug */ = {
			isa = XCBuildConfiguration;
			buildSettings = {
				ALWAYS_SEARCH_USER_PATHS = NO;
				CLANG_ANALYZER_NONNULL = YES;
				CLANG_ANALYZER_NUMBER_OBJECT_CONVERSION = YES_AGGRESSIVE;
				CLANG_CXX_LANGUAGE_STANDARD = "gnu++17";
				CLANG_CXX_LIBRARY = "libc++";
				CLANG_ENABLE_MODULES = YES;
				CLANG_ENABLE_OBJC_ARC = YES;
				CLANG_ENABLE_OBJC_WEAK = YES;
				CLANG_WARN_BLOCK_CAPTURE_AUTORELEASING = YES;
				CLANG_WARN_BOOL_CONVERSION = YES;
				CLANG_WARN_COMMA = YES;
				CLANG_WARN_CONSTANT_CONVERSION = YES;
				CLANG_WARN_DEPRECATED_OBJC_IMPLEMENTATIONS = YES;
				CLANG_WARN_DIRECT_OBJC_ISA_USAGE = YES_ERROR;
				CLANG_WARN_DOCUMENTATION_COMMENTS = YES;
				CLANG_WARN_EMPTY_BODY = YES;
				CLANG_WARN_ENUM_CONVERSION = YES;
				CLANG_WARN_INFINITE_RECURSION = YES;
				CLANG_WARN_INT_CONVERSION = YES;
				CLANG_WARN_NON_LITERAL_NULL_CONVERSION = YES;
				CLANG_WARN_OBJC_IMPLICIT_RETAIN_SELF = YES;
				CLANG_WARN_OBJC_LITERAL_CONVERSION = YES;
				CLANG_WARN_OBJC_ROOT_CLASS = YES_ERROR;
				CLANG_WARN_QUOTED_INCLUDE_IN_FRAMEWORK_HEADER = YES;
				CLANG_WARN_RANGE_LOOP_ANALYSIS = YES;
				CLANG_WARN_STRICT_PROTOTYPES = YES;
				CLANG_WARN_SUSPICIOUS_MOVE = YES;
				CLANG_WARN_UNGUARDED_AVAILABILITY = YES_AGGRESSIVE;
				CLANG_WARN_UNREACHABLE_CODE = YES;
				CLANG_WARN__DUPLICATE_METHOD_MATCH = YES;
				COPY_PHASE_STRIP = NO;
				DEBUG_INFORMATION_FORMAT = dwarf;
				ENABLE_STRICT_OBJC_MSGSEND = YES;
				ENABLE_TESTABILITY = YES;
				GCC_C_LANGUAGE_STANDARD = gnu11;
				GCC_DYNAMIC_NO_PIC = NO;
				GCC_NO_COMMON_BLOCKS = YES;
				GCC_OPTIMIZATION_LEVEL = 0;
				GCC_PREPROCESSOR_DEFINITIONS = (
					"DEBUG=1",
					"$(inherited)",
				);
				GCC_WARN_64_TO_32_BIT_CONVERSION = YES;
				GCC_WARN_ABOUT_RETURN_TYPE = YES_ERROR;
				GCC_WARN_UNDECLARED_SELECTOR = YES;
				GCC_WARN_UNINITIALIZED_AUTOS = YES_AGGRESSIVE;
				GCC_WARN_UNUSED_FUNCTION = YES;
				GCC_WARN_UNUSED_VARIABLE = YES;
				IPHONEOS_DEPLOYMENT_TARGET = 15.0;
				MTL_ENABLE_DEBUG_INFO = INCLUDE_SOURCE;
				MTL_FAST_MATH = YES;
				ONLY_ACTIVE_ARCH = YES;
				SDKROOT = iphoneos;
				SWIFT_ACTIVE_COMPILATION_CONDITIONS = DEBUG;
				SWIFT_OPTIMIZATION_LEVEL = "-Onone";
			};
			name = Debug;
		};
		1164F5CB271D47E400B8ADEC /* Release */ = {
			isa = XCBuildConfiguration;
			buildSettings = {
				ALWAYS_SEARCH_USER_PATHS = NO;
				CLANG_ANALYZER_NONNULL = YES;
				CLANG_ANALYZER_NUMBER_OBJECT_CONVERSION = YES_AGGRESSIVE;
				CLANG_CXX_LANGUAGE_STANDARD = "gnu++17";
				CLANG_CXX_LIBRARY = "libc++";
				CLANG_ENABLE_MODULES = YES;
				CLANG_ENABLE_OBJC_ARC = YES;
				CLANG_ENABLE_OBJC_WEAK = YES;
				CLANG_WARN_BLOCK_CAPTURE_AUTORELEASING = YES;
				CLANG_WARN_BOOL_CONVERSION = YES;
				CLANG_WARN_COMMA = YES;
				CLANG_WARN_CONSTANT_CONVERSION = YES;
				CLANG_WARN_DEPRECATED_OBJC_IMPLEMENTATIONS = YES;
				CLANG_WARN_DIRECT_OBJC_ISA_USAGE = YES_ERROR;
				CLANG_WARN_DOCUMENTATION_COMMENTS = YES;
				CLANG_WARN_EMPTY_BODY = YES;
				CLANG_WARN_ENUM_CONVERSION = YES;
				CLANG_WARN_INFINITE_RECURSION = YES;
				CLANG_WARN_INT_CONVERSION = YES;
				CLANG_WARN_NON_LITERAL_NULL_CONVERSION = YES;
				CLANG_WARN_OBJC_IMPLICIT_RETAIN_SELF = YES;
				CLANG_WARN_OBJC_LITERAL_CONVERSION = YES;
				CLANG_WARN_OBJC_ROOT_CLASS = YES_ERROR;
				CLANG_WARN_QUOTED_INCLUDE_IN_FRAMEWORK_HEADER = YES;
				CLANG_WARN_RANGE_LOOP_ANALYSIS = YES;
				CLANG_WARN_STRICT_PROTOTYPES = YES;
				CLANG_WARN_SUSPICIOUS_MOVE = YES;
				CLANG_WARN_UNGUARDED_AVAILABILITY = YES_AGGRESSIVE;
				CLANG_WARN_UNREACHABLE_CODE = YES;
				CLANG_WARN__DUPLICATE_METHOD_MATCH = YES;
				COPY_PHASE_STRIP = NO;
				DEBUG_INFORMATION_FORMAT = "dwarf-with-dsym";
				ENABLE_NS_ASSERTIONS = NO;
				ENABLE_STRICT_OBJC_MSGSEND = YES;
				GCC_C_LANGUAGE_STANDARD = gnu11;
				GCC_NO_COMMON_BLOCKS = YES;
				GCC_WARN_64_TO_32_BIT_CONVERSION = YES;
				GCC_WARN_ABOUT_RETURN_TYPE = YES_ERROR;
				GCC_WARN_UNDECLARED_SELECTOR = YES;
				GCC_WARN_UNINITIALIZED_AUTOS = YES_AGGRESSIVE;
				GCC_WARN_UNUSED_FUNCTION = YES;
				GCC_WARN_UNUSED_VARIABLE = YES;
				IPHONEOS_DEPLOYMENT_TARGET = 15.0;
				MTL_ENABLE_DEBUG_INFO = NO;
				MTL_FAST_MATH = YES;
				SDKROOT = iphoneos;
				SWIFT_COMPILATION_MODE = wholemodule;
				SWIFT_OPTIMIZATION_LEVEL = "-O";
				VALIDATE_PRODUCT = YES;
			};
			name = Release;
		};
		1164F5CD271D47E400B8ADEC /* Debug */ = {
			isa = XCBuildConfiguration;
			buildSettings = {
				ASSETCATALOG_COMPILER_APPICON_NAME = AppIcon;
				ASSETCATALOG_COMPILER_GLOBAL_ACCENT_COLOR_NAME = AccentColor;
				CODE_SIGN_STYLE = Automatic;
				CURRENT_PROJECT_VERSION = 1;
				DEVELOPMENT_TEAM = ULBSA6XW4A;
				GENERATE_INFOPLIST_FILE = YES;
				INFOPLIST_FILE = "Lab 7 D/Info.plist";
				INFOPLIST_KEY_UIApplicationSupportsIndirectInputEvents = YES;
				INFOPLIST_KEY_UILaunchStoryboardName = LaunchScreen;
				INFOPLIST_KEY_UIMainStoryboardFile = Main;
				INFOPLIST_KEY_UISupportedInterfaceOrientations_iPad = "UIInterfaceOrientationPortrait UIInterfaceOrientationPortraitUpsideDown UIInterfaceOrientationLandscapeLeft UIInterfaceOrientationLandscapeRight";
				INFOPLIST_KEY_UISupportedInterfaceOrientations_iPhone = "UIInterfaceOrientationPortrait UIInterfaceOrientationLandscapeLeft UIInterfaceOrientationLandscapeRight";
				LD_RUNPATH_SEARCH_PATHS = (
					"$(inherited)",
					"@executable_path/Frameworks",
				);
				MARKETING_VERSION = 1.0;
				PRODUCT_BUNDLE_IDENTIFIER = "layla.Lab-7-D";
				PRODUCT_NAME = "$(TARGET_NAME)";
				SWIFT_EMIT_LOC_STRINGS = YES;
				SWIFT_VERSION = 5.0;
				TARGETED_DEVICE_FAMILY = "1,2";
			};
			name = Debug;
		};
		1164F5CE271D47E400B8ADEC /* Release */ = {
			isa = XCBuildConfiguration;
			buildSettings = {
				ASSETCATALOG_COMPILER_APPICON_NAME = AppIcon;
				ASSETCATALOG_COMPILER_GLOBAL_ACCENT_COLOR_NAME = AccentColor;
				CODE_SIGN_STYLE = Automatic;
				CURRENT_PROJECT_VERSION = 1;
				DEVELOPMENT_TEAM = ULBSA6XW4A;
				GENERATE_INFOPLIST_FILE = YES;
				INFOPLIST_FILE = "Lab 7 D/Info.plist";
				INFOPLIST_KEY_UIApplicationSupportsIndirectInputEvents = YES;
				INFOPLIST_KEY_UILaunchStoryboardName = LaunchScreen;
				INFOPLIST_KEY_UIMainStoryboardFile = Main;
				INFOPLIST_KEY_UISupportedInterfaceOrientations_iPad = "UIInterfaceOrientationPortrait UIInterfaceOrientationPortraitUpsideDown UIInterfaceOrientationLandscapeLeft UIInterfaceOrientationLandscapeRight";
				INFOPLIST_KEY_UISupportedInterfaceOrientations_iPhone = "UIInterfaceOrientationPortrait UIInterfaceOrientationLandscapeLeft UIInterfaceOrientationLandscapeRight";
				LD_RUNPATH_SEARCH_PATHS = (
					"$(inherited)",
					"@executable_path/Frameworks",
				);
				MARKETING_VERSION = 1.0;
				PRODUCT_BUNDLE_IDENTIFIER = "layla.Lab-7-D";
				PRODUCT_NAME = "$(TARGET_NAME)";
				SWIFT_EMIT_LOC_STRINGS = YES;
				SWIFT_VERSION = 5.0;
				TARGETED_DEVICE_FAMILY = "1,2";
			};
			name = Release;
		};
		1164F5D0271D47E400B8ADEC /* Debug */ = {
			isa = XCBuildConfiguration;
			buildSettings = {
				ALWAYS_EMBED_SWIFT_STANDARD_LIBRARIES = YES;
				BUNDLE_LOADER = "$(TEST_HOST)";
				CODE_SIGN_STYLE = Automatic;
				CURRENT_PROJECT_VERSION = 1;
				DEVELOPMENT_TEAM = ULBSA6XW4A;
				GENERATE_INFOPLIST_FILE = YES;
				IPHONEOS_DEPLOYMENT_TARGET = 15.0;
				LD_RUNPATH_SEARCH_PATHS = (
					"$(inherited)",
					"@executable_path/Frameworks",
					"@loader_path/Frameworks",
				);
				MARKETING_VERSION = 1.0;
				PRODUCT_BUNDLE_IDENTIFIER = "layla.Lab-7-DTests";
				PRODUCT_NAME = "$(TARGET_NAME)";
				SWIFT_EMIT_LOC_STRINGS = NO;
				SWIFT_VERSION = 5.0;
				TARGETED_DEVICE_FAMILY = "1,2";
				TEST_HOST = "$(BUILT_PRODUCTS_DIR)/Lab 7 D.app/Lab 7 D";
			};
			name = Debug;
		};
		1164F5D1271D47E400B8ADEC /* Release */ = {
			isa = XCBuildConfiguration;
			buildSettings = {
				ALWAYS_EMBED_SWIFT_STANDARD_LIBRARIES = YES;
				BUNDLE_LOADER = "$(TEST_HOST)";
				CODE_SIGN_STYLE = Automatic;
				CURRENT_PROJECT_VERSION = 1;
				DEVELOPMENT_TEAM = ULBSA6XW4A;
				GENERATE_INFOPLIST_FILE = YES;
				IPHONEOS_DEPLOYMENT_TARGET = 15.0;
				LD_RUNPATH_SEARCH_PATHS = (
					"$(inherited)",
					"@executable_path/Frameworks",
					"@loader_path/Frameworks",
				);
				MARKETING_VERSION = 1.0;
				PRODUCT_BUNDLE_IDENTIFIER = "layla.Lab-7-DTests";
				PRODUCT_NAME = "$(TARGET_NAME)";
				SWIFT_EMIT_LOC_STRINGS = NO;
				SWIFT_VERSION = 5.0;
				TARGETED_DEVICE_FAMILY = "1,2";
				TEST_HOST = "$(BUILT_PRODUCTS_DIR)/Lab 7 D.app/Lab 7 D";
			};
			name = Release;
		};
		1164F5D3271D47E400B8ADEC /* Debug */ = {
			isa = XCBuildConfiguration;
			buildSettings = {
				ALWAYS_EMBED_SWIFT_STANDARD_LIBRARIES = YES;
				CODE_SIGN_STYLE = Automatic;
				CURRENT_PROJECT_VERSION = 1;
				DEVELOPMENT_TEAM = ULBSA6XW4A;
				GENERATE_INFOPLIST_FILE = YES;
				LD_RUNPATH_SEARCH_PATHS = (
					"$(inherited)",
					"@executable_path/Frameworks",
					"@loader_path/Frameworks",
				);
				MARKETING_VERSION = 1.0;
				PRODUCT_BUNDLE_IDENTIFIER = "layla.Lab-7-DUITests";
				PRODUCT_NAME = "$(TARGET_NAME)";
				SWIFT_EMIT_LOC_STRINGS = NO;
				SWIFT_VERSION = 5.0;
				TARGETED_DEVICE_FAMILY = "1,2";
				TEST_TARGET_NAME = "Lab 7 D";
			};
			name = Debug;
		};
		1164F5D4271D47E400B8ADEC /* Release */ = {
			isa = XCBuildConfiguration;
			buildSettings = {
				ALWAYS_EMBED_SWIFT_STANDARD_LIBRARIES = YES;
				CODE_SIGN_STYLE = Automatic;
				CURRENT_PROJECT_VERSION = 1;
				DEVELOPMENT_TEAM = ULBSA6XW4A;
				GENERATE_INFOPLIST_FILE = YES;
				LD_RUNPATH_SEARCH_PATHS = (
					"$(inherited)",
					"@executable_path/Frameworks",
					"@loader_path/Frameworks",
				);
				MARKETING_VERSION = 1.0;
				PRODUCT_BUNDLE_IDENTIFIER = "layla.Lab-7-DUITests";
				PRODUCT_NAME = "$(TARGET_NAME)";
				SWIFT_EMIT_LOC_STRINGS = NO;
				SWIFT_VERSION = 5.0;
				TARGETED_DEVICE_FAMILY = "1,2";
				TEST_TARGET_NAME = "Lab 7 D";
			};
			name = Release;
		};
/* End XCBuildConfiguration section */

/* Begin XCConfigurationList section */
		1164F59D271D47E200B8ADEC /* Build configuration list for PBXProject "Lab 7 D" */ = {
			isa = XCConfigurationList;
			buildConfigurations = (
				1164F5CA271D47E400B8ADEC /* Debug */,
				1164F5CB271D47E400B8ADEC /* Release */,
			);
			defaultConfigurationIsVisible = 0;
			defaultConfigurationName = Release;
		};
		1164F5CC271D47E400B8ADEC /* Build configuration list for PBXNativeTarget "Lab 7 D" */ = {
			isa = XCConfigurationList;
			buildConfigurations = (
				1164F5CD271D47E400B8ADEC /* Debug */,
				1164F5CE271D47E400B8ADEC /* Release */,
			);
			defaultConfigurationIsVisible = 0;
			defaultConfigurationName = Release;
		};
		1164F5CF271D47E400B8ADEC /* Build configuration list for PBXNativeTarget "Lab 7 DTests" */ = {
			isa = XCConfigurationList;
			buildConfigurations = (
				1164F5D0271D47E400B8ADEC /* Debug */,
				1164F5D1271D47E400B8ADEC /* Release */,
			);
			defaultConfigurationIsVisible = 0;
			defaultConfigurationName = Release;
		};
		1164F5D2271D47E400B8ADEC /* Build configuration list for PBXNativeTarget "Lab 7 DUITests" */ = {
			isa = XCConfigurationList;
			buildConfigurations = (
				1164F5D3271D47E400B8ADEC /* Debug */,
				1164F5D4271D47E400B8ADEC /* Release */,
			);
			defaultConfigurationIsVisible = 0;
			defaultConfigurationName = Release;
		};
/* End XCConfigurationList section */
	};
	rootObject = 1164F59A271D47E200B8ADEC /* Project object */;
}
