// !$*UTF8*$!
{
	archiveVersion = 1;
	classes = {
	};
	objectVersion = 55;
	objects = {

/* Begin PBXBuildFile section */
		2D191EF8271C0EAE00813419 /* AppDelegate.swift in Sources */ = {isa = PBXBuildFile; fileRef = 2D191EF7271C0EAE00813419 /* AppDelegate.swift */; };
		2D191EFA271C0EAE00813419 /* SceneDelegate.swift in Sources */ = {isa = PBXBuildFile; fileRef = 2D191EF9271C0EAE00813419 /* SceneDelegate.swift */; };
		2D191EFC271C0EAE00813419 /* ViewController.swift in Sources */ = {isa = PBXBuildFile; fileRef = 2D191EFB271C0EAE00813419 /* ViewController.swift */; };
		2D191EFF271C0EAE00813419 /* Main.storyboard in Resources */ = {isa = PBXBuildFile; fileRef = 2D191EFD271C0EAE00813419 /* Main.storyboard */; };
		2D191F01271C0EAF00813419 /* Assets.xcassets in Resources */ = {isa = PBXBuildFile; fileRef = 2D191F00271C0EAF00813419 /* Assets.xcassets */; };
		2D191F04271C0EAF00813419 /* LaunchScreen.storyboard in Resources */ = {isa = PBXBuildFile; fileRef = 2D191F02271C0EAF00813419 /* LaunchScreen.storyboard */; };
		2D191F0F271C0EB000813419 /* Lap07Tests.swift in Sources */ = {isa = PBXBuildFile; fileRef = 2D191F0E271C0EB000813419 /* Lap07Tests.swift */; };
		2D191F19271C0EB000813419 /* Lap07UITests.swift in Sources */ = {isa = PBXBuildFile; fileRef = 2D191F18271C0EB000813419 /* Lap07UITests.swift */; };
		2D191F1B271C0EB000813419 /* Lap07UITestsLaunchTests.swift in Sources */ = {isa = PBXBuildFile; fileRef = 2D191F1A271C0EB000813419 /* Lap07UITestsLaunchTests.swift */; };
/* End PBXBuildFile section */

/* Begin PBXContainerItemProxy section */
		2D191F0B271C0EB000813419 /* PBXContainerItemProxy */ = {
			isa = PBXContainerItemProxy;
			containerPortal = 2D191EEC271C0EAE00813419 /* Project object */;
			proxyType = 1;
			remoteGlobalIDString = 2D191EF3271C0EAE00813419;
			remoteInfo = Lap07;
		};
		2D191F15271C0EB000813419 /* PBXContainerItemProxy */ = {
			isa = PBXContainerItemProxy;
			containerPortal = 2D191EEC271C0EAE00813419 /* Project object */;
			proxyType = 1;
			remoteGlobalIDString = 2D191EF3271C0EAE00813419;
			remoteInfo = Lap07;
		};
/* End PBXContainerItemProxy section */

/* Begin PBXFileReference section */
		2D191EF4271C0EAE00813419 /* Lap07.app */ = {isa = PBXFileReference; explicitFileType = wrapper.application; includeInIndex = 0; path = Lap07.app; sourceTree = BUILT_PRODUCTS_DIR; };
		2D191EF7271C0EAE00813419 /* AppDelegate.swift */ = {isa = PBXFileReference; lastKnownFileType = sourcecode.swift; path = AppDelegate.swift; sourceTree = "<group>"; };
		2D191EF9271C0EAE00813419 /* SceneDelegate.swift */ = {isa = PBXFileReference; lastKnownFileType = sourcecode.swift; path = SceneDelegate.swift; sourceTree = "<group>"; };
		2D191EFB271C0EAE00813419 /* ViewController.swift */ = {isa = PBXFileReference; lastKnownFileType = sourcecode.swift; path = ViewController.swift; sourceTree = "<group>"; };
		2D191EFE271C0EAE00813419 /* Base */ = {isa = PBXFileReference; lastKnownFileType = file.storyboard; name = Base; path = Base.lproj/Main.storyboard; sourceTree = "<group>"; };
		2D191F00271C0EAF00813419 /* Assets.xcassets */ = {isa = PBXFileReference; lastKnownFileType = folder.assetcatalog; path = Assets.xcassets; sourceTree = "<group>"; };
		2D191F03271C0EAF00813419 /* Base */ = {isa = PBXFileReference; lastKnownFileType = file.storyboard; name = Base; path = Base.lproj/LaunchScreen.storyboard; sourceTree = "<group>"; };
		2D191F05271C0EAF00813419 /* Info.plist */ = {isa = PBXFileReference; lastKnownFileType = text.plist.xml; path = Info.plist; sourceTree = "<group>"; };
		2D191F0A271C0EB000813419 /* Lap07Tests.xctest */ = {isa = PBXFileReference; explicitFileType = wrapper.cfbundle; includeInIndex = 0; path = Lap07Tests.xctest; sourceTree = BUILT_PRODUCTS_DIR; };
		2D191F0E271C0EB000813419 /* Lap07Tests.swift */ = {isa = PBXFileReference; lastKnownFileType = sourcecode.swift; path = Lap07Tests.swift; sourceTree = "<group>"; };
		2D191F14271C0EB000813419 /* Lap07UITests.xctest */ = {isa = PBXFileReference; explicitFileType = wrapper.cfbundle; includeInIndex = 0; path = Lap07UITests.xctest; sourceTree = BUILT_PRODUCTS_DIR; };
		2D191F18271C0EB000813419 /* Lap07UITests.swift */ = {isa = PBXFileReference; lastKnownFileType = sourcecode.swift; path = Lap07UITests.swift; sourceTree = "<group>"; };
		2D191F1A271C0EB000813419 /* Lap07UITestsLaunchTests.swift */ = {isa = PBXFileReference; lastKnownFileType = sourcecode.swift; path = Lap07UITestsLaunchTests.swift; sourceTree = "<group>"; };
/* End PBXFileReference section */

/* Begin PBXFrameworksBuildPhase section */
		2D191EF1271C0EAE00813419 /* Frameworks */ = {
			isa = PBXFrameworksBuildPhase;
			buildActionMask = 2147483647;
			files = (
			);
			runOnlyForDeploymentPostprocessing = 0;
		};
		2D191F07271C0EB000813419 /* Frameworks */ = {
			isa = PBXFrameworksBuildPhase;
			buildActionMask = 2147483647;
			files = (
			);
			runOnlyForDeploymentPostprocessing = 0;
		};
		2D191F11271C0EB000813419 /* Frameworks */ = {
			isa = PBXFrameworksBuildPhase;
			buildActionMask = 2147483647;
			files = (
			);
			runOnlyForDeploymentPostprocessing = 0;
		};
/* End PBXFrameworksBuildPhase section */

/* Begin PBXGroup section */
		2D191EEB271C0EAE00813419 = {
			isa = PBXGroup;
			children = (
				2D191EF6271C0EAE00813419 /* Lap07 */,
				2D191F0D271C0EB000813419 /* Lap07Tests */,
				2D191F17271C0EB000813419 /* Lap07UITests */,
				2D191EF5271C0EAE00813419 /* Products */,
			);
			sourceTree = "<group>";
		};
		2D191EF5271C0EAE00813419 /* Products */ = {
			isa = PBXGroup;
			children = (
				2D191EF4271C0EAE00813419 /* Lap07.app */,
				2D191F0A271C0EB000813419 /* Lap07Tests.xctest */,
				2D191F14271C0EB000813419 /* Lap07UITests.xctest */,
			);
			name = Products;
			sourceTree = "<group>";
		};
		2D191EF6271C0EAE00813419 /* Lap07 */ = {
			isa = PBXGroup;
			children = (
				2D191EF7271C0EAE00813419 /* AppDelegate.swift */,
				2D191EF9271C0EAE00813419 /* SceneDelegate.swift */,
				2D191EFB271C0EAE00813419 /* ViewController.swift */,
				2D191EFD271C0EAE00813419 /* Main.storyboard */,
				2D191F00271C0EAF00813419 /* Assets.xcassets */,
				2D191F02271C0EAF00813419 /* LaunchScreen.storyboard */,
				2D191F05271C0EAF00813419 /* Info.plist */,
			);
			path = Lap07;
			sourceTree = "<group>";
		};
		2D191F0D271C0EB000813419 /* Lap07Tests */ = {
			isa = PBXGroup;
			children = (
				2D191F0E271C0EB000813419 /* Lap07Tests.swift */,
			);
			path = Lap07Tests;
			sourceTree = "<group>";
		};
		2D191F17271C0EB000813419 /* Lap07UITests */ = {
			isa = PBXGroup;
			children = (
				2D191F18271C0EB000813419 /* Lap07UITests.swift */,
				2D191F1A271C0EB000813419 /* Lap07UITestsLaunchTests.swift */,
			);
			path = Lap07UITests;
			sourceTree = "<group>";
		};
/* End PBXGroup section */

/* Begin PBXNativeTarget section */
		2D191EF3271C0EAE00813419 /* Lap07 */ = {
			isa = PBXNativeTarget;
			buildConfigurationList = 2D191F1E271C0EB000813419 /* Build configuration list for PBXNativeTarget "Lap07" */;
			buildPhases = (
				2D191EF0271C0EAE00813419 /* Sources */,
				2D191EF1271C0EAE00813419 /* Frameworks */,
				2D191EF2271C0EAE00813419 /* Resources */,
			);
			buildRules = (
			);
			dependencies = (
			);
			name = Lap07;
			productName = Lap07;
			productReference = 2D191EF4271C0EAE00813419 /* Lap07.app */;
			productType = "com.apple.product-type.application";
		};
		2D191F09271C0EB000813419 /* Lap07Tests */ = {
			isa = PBXNativeTarget;
			buildConfigurationList = 2D191F21271C0EB000813419 /* Build configuration list for PBXNativeTarget "Lap07Tests" */;
			buildPhases = (
				2D191F06271C0EB000813419 /* Sources */,
				2D191F07271C0EB000813419 /* Frameworks */,
				2D191F08271C0EB000813419 /* Resources */,
			);
			buildRules = (
			);
			dependencies = (
				2D191F0C271C0EB000813419 /* PBXTargetDependency */,
			);
			name = Lap07Tests;
			productName = Lap07Tests;
			productReference = 2D191F0A271C0EB000813419 /* Lap07Tests.xctest */;
			productType = "com.apple.product-type.bundle.unit-test";
		};
		2D191F13271C0EB000813419 /* Lap07UITests */ = {
			isa = PBXNativeTarget;
			buildConfigurationList = 2D191F24271C0EB000813419 /* Build configuration list for PBXNativeTarget "Lap07UITests" */;
			buildPhases = (
				2D191F10271C0EB000813419 /* Sources */,
				2D191F11271C0EB000813419 /* Frameworks */,
				2D191F12271C0EB000813419 /* Resources */,
			);
			buildRules = (
			);
			dependencies = (
				2D191F16271C0EB000813419 /* PBXTargetDependency */,
			);
			name = Lap07UITests;
			productName = Lap07UITests;
			productReference = 2D191F14271C0EB000813419 /* Lap07UITests.xctest */;
			productType = "com.apple.product-type.bundle.ui-testing";
		};
/* End PBXNativeTarget section */

/* Begin PBXProject section */
		2D191EEC271C0EAE00813419 /* Project object */ = {
			isa = PBXProject;
			attributes = {
				BuildIndependentTargetsInParallel = 1;
				LastSwiftUpdateCheck = 1300;
				LastUpgradeCheck = 1300;
				TargetAttributes = {
					2D191EF3271C0EAE00813419 = {
						CreatedOnToolsVersion = 13.0;
					};
					2D191F09271C0EB000813419 = {
						CreatedOnToolsVersion = 13.0;
						TestTargetID = 2D191EF3271C0EAE00813419;
					};
					2D191F13271C0EB000813419 = {
						CreatedOnToolsVersion = 13.0;
						TestTargetID = 2D191EF3271C0EAE00813419;
					};
				};
			};
			buildConfigurationList = 2D191EEF271C0EAE00813419 /* Build configuration list for PBXProject "Lap07" */;
			compatibilityVersion = "Xcode 13.0";
			developmentRegion = en;
			hasScannedForEncodings = 0;
			knownRegions = (
				en,
				Base,
			);
			mainGroup = 2D191EEB271C0EAE00813419;
			productRefGroup = 2D191EF5271C0EAE00813419 /* Products */;
			projectDirPath = "";
			projectRoot = "";
			targets = (
				2D191EF3271C0EAE00813419 /* Lap07 */,
				2D191F09271C0EB000813419 /* Lap07Tests */,
				2D191F13271C0EB000813419 /* Lap07UITests */,
			);
		};
/* End PBXProject section */

/* Begin PBXResourcesBuildPhase section */
		2D191EF2271C0EAE00813419 /* Resources */ = {
			isa = PBXResourcesBuildPhase;
			buildActionMask = 2147483647;
			files = (
				2D191F04271C0EAF00813419 /* LaunchScreen.storyboard in Resources */,
				2D191F01271C0EAF00813419 /* Assets.xcassets in Resources */,
				2D191EFF271C0EAE00813419 /* Main.storyboard in Resources */,
			);
			runOnlyForDeploymentPostprocessing = 0;
		};
		2D191F08271C0EB000813419 /* Resources */ = {
			isa = PBXResourcesBuildPhase;
			buildActionMask = 2147483647;
			files = (
			);
			runOnlyForDeploymentPostprocessing = 0;
		};
		2D191F12271C0EB000813419 /* Resources */ = {
			isa = PBXResourcesBuildPhase;
			buildActionMask = 2147483647;
			files = (
			);
			runOnlyForDeploymentPostprocessing = 0;
		};
/* End PBXResourcesBuildPhase section */

/* Begin PBXSourcesBuildPhase section */
		2D191EF0271C0EAE00813419 /* Sources */ = {
			isa = PBXSourcesBuildPhase;
			buildActionMask = 2147483647;
			files = (
				2D191EFC271C0EAE00813419 /* ViewController.swift in Sources */,
				2D191EF8271C0EAE00813419 /* AppDelegate.swift in Sources */,
				2D191EFA271C0EAE00813419 /* SceneDelegate.swift in Sources */,
			);
			runOnlyForDeploymentPostprocessing = 0;
		};
		2D191F06271C0EB000813419 /* Sources */ = {
			isa = PBXSourcesBuildPhase;
			buildActionMask = 2147483647;
			files = (
				2D191F0F271C0EB000813419 /* Lap07Tests.swift in Sources */,
			);
			runOnlyForDeploymentPostprocessing = 0;
		};
		2D191F10271C0EB000813419 /* Sources */ = {
			isa = PBXSourcesBuildPhase;
			buildActionMask = 2147483647;
			files = (
				2D191F19271C0EB000813419 /* Lap07UITests.swift in Sources */,
				2D191F1B271C0EB000813419 /* Lap07UITestsLaunchTests.swift in Sources */,
			);
			runOnlyForDeploymentPostprocessing = 0;
		};
/* End PBXSourcesBuildPhase section */

/* Begin PBXTargetDependency section */
		2D191F0C271C0EB000813419 /* PBXTargetDependency */ = {
			isa = PBXTargetDependency;
			target = 2D191EF3271C0EAE00813419 /* Lap07 */;
			targetProxy = 2D191F0B271C0EB000813419 /* PBXContainerItemProxy */;
		};
		2D191F16271C0EB000813419 /* PBXTargetDependency */ = {
			isa = PBXTargetDependency;
			target = 2D191EF3271C0EAE00813419 /* Lap07 */;
			targetProxy = 2D191F15271C0EB000813419 /* PBXContainerItemProxy */;
		};
/* End PBXTargetDependency section */

/* Begin PBXVariantGroup section */
		2D191EFD271C0EAE00813419 /* Main.storyboard */ = {
			isa = PBXVariantGroup;
			children = (
				2D191EFE271C0EAE00813419 /* Base */,
			);
			name = Main.storyboard;
			sourceTree = "<group>";
		};
		2D191F02271C0EAF00813419 /* LaunchScreen.storyboard */ = {
			isa = PBXVariantGroup;
			children = (
				2D191F03271C0EAF00813419 /* Base */,
			);
			name = LaunchScreen.storyboard;
			sourceTree = "<group>";
		};
/* End PBXVariantGroup section */

/* Begin XCBuildConfiguration section */
		2D191F1C271C0EB000813419 /* Debug */ = {
			isa = XCBuildConfiguration;
			buildSettings = {
				ALWAYS_SEARCH_USER_PATHS = NO;
				CLANG_ANALYZER_NONNULL = YES;
				CLANG_ANALYZER_NUMBER_OBJECT_CONVERSION = YES_AGGRESSIVE;
				CLANG_CXX_LANGUAGE_STANDARD = "gnu++17";
				CLANG_CXX_LIBRARY = "libc++";
				CLANG_ENABLE_MODULES = YES;
				CLANG_ENABLE_OBJC_ARC = YES;
				CLANG_ENABLE_OBJC_WEAK = YES;
				CLANG_WARN_BLOCK_CAPTURE_AUTORELEASING = YES;
				CLANG_WARN_BOOL_CONVERSION = YES;
				CLANG_WARN_COMMA = YES;
				CLANG_WARN_CONSTANT_CONVERSION = YES;
				CLANG_WARN_DEPRECATED_OBJC_IMPLEMENTATIONS = YES;
				CLANG_WARN_DIRECT_OBJC_ISA_USAGE = YES_ERROR;
				CLANG_WARN_DOCUMENTATION_COMMENTS = YES;
				CLANG_WARN_EMPTY_BODY = YES;
				CLANG_WARN_ENUM_CONVERSION = YES;
				CLANG_WARN_INFINITE_RECURSION = YES;
				CLANG_WARN_INT_CONVERSION = YES;
				CLANG_WARN_NON_LITERAL_NULL_CONVERSION = YES;
				CLANG_WARN_OBJC_IMPLICIT_RETAIN_SELF = YES;
				CLANG_WARN_OBJC_LITERAL_CONVERSION = YES;
				CLANG_WARN_OBJC_ROOT_CLASS = YES_ERROR;
				CLANG_WARN_QUOTED_INCLUDE_IN_FRAMEWORK_HEADER = YES;
				CLANG_WARN_RANGE_LOOP_ANALYSIS = YES;
				CLANG_WARN_STRICT_PROTOTYPES = YES;
				CLANG_WARN_SUSPICIOUS_MOVE = YES;
				CLANG_WARN_UNGUARDED_AVAILABILITY = YES_AGGRESSIVE;
				CLANG_WARN_UNREACHABLE_CODE = YES;
				CLANG_WARN__DUPLICATE_METHOD_MATCH = YES;
				COPY_PHASE_STRIP = NO;
				DEBUG_INFORMATION_FORMAT = dwarf;
				ENABLE_STRICT_OBJC_MSGSEND = YES;
				ENABLE_TESTABILITY = YES;
				GCC_C_LANGUAGE_STANDARD = gnu11;
				GCC_DYNAMIC_NO_PIC = NO;
				GCC_NO_COMMON_BLOCKS = YES;
				GCC_OPTIMIZATION_LEVEL = 0;
				GCC_PREPROCESSOR_DEFINITIONS = (
					"DEBUG=1",
					"$(inherited)",
				);
				GCC_WARN_64_TO_32_BIT_CONVERSION = YES;
				GCC_WARN_ABOUT_RETURN_TYPE = YES_ERROR;
				GCC_WARN_UNDECLARED_SELECTOR = YES;
				GCC_WARN_UNINITIALIZED_AUTOS = YES_AGGRESSIVE;
				GCC_WARN_UNUSED_FUNCTION = YES;
				GCC_WARN_UNUSED_VARIABLE = YES;
				IPHONEOS_DEPLOYMENT_TARGET = 15.0;
				MTL_ENABLE_DEBUG_INFO = INCLUDE_SOURCE;
				MTL_FAST_MATH = YES;
				ONLY_ACTIVE_ARCH = YES;
				SDKROOT = iphoneos;
				SWIFT_ACTIVE_COMPILATION_CONDITIONS = DEBUG;
				SWIFT_OPTIMIZATION_LEVEL = "-Onone";
			};
			name = Debug;
		};
		2D191F1D271C0EB000813419 /* Release */ = {
			isa = XCBuildConfiguration;
			buildSettings = {
				ALWAYS_SEARCH_USER_PATHS = NO;
				CLANG_ANALYZER_NONNULL = YES;
				CLANG_ANALYZER_NUMBER_OBJECT_CONVERSION = YES_AGGRESSIVE;
				CLANG_CXX_LANGUAGE_STANDARD = "gnu++17";
				CLANG_CXX_LIBRARY = "libc++";
				CLANG_ENABLE_MODULES = YES;
				CLANG_ENABLE_OBJC_ARC = YES;
				CLANG_ENABLE_OBJC_WEAK = YES;
				CLANG_WARN_BLOCK_CAPTURE_AUTORELEASING = YES;
				CLANG_WARN_BOOL_CONVERSION = YES;
				CLANG_WARN_COMMA = YES;
				CLANG_WARN_CONSTANT_CONVERSION = YES;
				CLANG_WARN_DEPRECATED_OBJC_IMPLEMENTATIONS = YES;
				CLANG_WARN_DIRECT_OBJC_ISA_USAGE = YES_ERROR;
				CLANG_WARN_DOCUMENTATION_COMMENTS = YES;
				CLANG_WARN_EMPTY_BODY = YES;
				CLANG_WARN_ENUM_CONVERSION = YES;
				CLANG_WARN_INFINITE_RECURSION = YES;
				CLANG_WARN_INT_CONVERSION = YES;
				CLANG_WARN_NON_LITERAL_NULL_CONVERSION = YES;
				CLANG_WARN_OBJC_IMPLICIT_RETAIN_SELF = YES;
				CLANG_WARN_OBJC_LITERAL_CONVERSION = YES;
				CLANG_WARN_OBJC_ROOT_CLASS = YES_ERROR;
				CLANG_WARN_QUOTED_INCLUDE_IN_FRAMEWORK_HEADER = YES;
				CLANG_WARN_RANGE_LOOP_ANALYSIS = YES;
				CLANG_WARN_STRICT_PROTOTYPES = YES;
				CLANG_WARN_SUSPICIOUS_MOVE = YES;
				CLANG_WARN_UNGUARDED_AVAILABILITY = YES_AGGRESSIVE;
				CLANG_WARN_UNREACHABLE_CODE = YES;
				CLANG_WARN__DUPLICATE_METHOD_MATCH = YES;
				COPY_PHASE_STRIP = NO;
				DEBUG_INFORMATION_FORMAT = "dwarf-with-dsym";
				ENABLE_NS_ASSERTIONS = NO;
				ENABLE_STRICT_OBJC_MSGSEND = YES;
				GCC_C_LANGUAGE_STANDARD = gnu11;
				GCC_NO_COMMON_BLOCKS = YES;
				GCC_WARN_64_TO_32_BIT_CONVERSION = YES;
				GCC_WARN_ABOUT_RETURN_TYPE = YES_ERROR;
				GCC_WARN_UNDECLARED_SELECTOR = YES;
				GCC_WARN_UNINITIALIZED_AUTOS = YES_AGGRESSIVE;
				GCC_WARN_UNUSED_FUNCTION = YES;
				GCC_WARN_UNUSED_VARIABLE = YES;
				IPHONEOS_DEPLOYMENT_TARGET = 15.0;
				MTL_ENABLE_DEBUG_INFO = NO;
				MTL_FAST_MATH = YES;
				SDKROOT = iphoneos;
				SWIFT_COMPILATION_MODE = wholemodule;
				SWIFT_OPTIMIZATION_LEVEL = "-O";
				VALIDATE_PRODUCT = YES;
			};
			name = Release;
		};
		2D191F1F271C0EB000813419 /* Debug */ = {
			isa = XCBuildConfiguration;
			buildSettings = {
				ASSETCATALOG_COMPILER_APPICON_NAME = AppIcon;
				ASSETCATALOG_COMPILER_GLOBAL_ACCENT_COLOR_NAME = AccentColor;
				CODE_SIGN_STYLE = Automatic;
				CURRENT_PROJECT_VERSION = 1;
				DEVELOPMENT_TEAM = 6HVZQF48D4;
				GENERATE_INFOPLIST_FILE = YES;
				INFOPLIST_FILE = Lap07/Info.plist;
				INFOPLIST_KEY_UIApplicationSupportsIndirectInputEvents = YES;
				INFOPLIST_KEY_UILaunchStoryboardName = LaunchScreen;
				INFOPLIST_KEY_UIMainStoryboardFile = Main;
				INFOPLIST_KEY_UISupportedInterfaceOrientations_iPad = "UIInterfaceOrientationPortrait UIInterfaceOrientationPortraitUpsideDown UIInterfaceOrientationLandscapeLeft UIInterfaceOrientationLandscapeRight";
				INFOPLIST_KEY_UISupportedInterfaceOrientations_iPhone = "UIInterfaceOrientationPortrait UIInterfaceOrientationLandscapeLeft UIInterfaceOrientationLandscapeRight";
				LD_RUNPATH_SEARCH_PATHS = (
					"$(inherited)",
					"@executable_path/Frameworks",
				);
				MARKETING_VERSION = 1.0;
				PRODUCT_BUNDLE_IDENTIFIER = w.Lap07;
				PRODUCT_NAME = "$(TARGET_NAME)";
				SWIFT_EMIT_LOC_STRINGS = YES;
				SWIFT_VERSION = 5.0;
				TARGETED_DEVICE_FAMILY = "1,2";
			};
			name = Debug;
		};
		2D191F20271C0EB000813419 /* Release */ = {
			isa = XCBuildConfiguration;
			buildSettings = {
				ASSETCATALOG_COMPILER_APPICON_NAME = AppIcon;
				ASSETCATALOG_COMPILER_GLOBAL_ACCENT_COLOR_NAME = AccentColor;
				CODE_SIGN_STYLE = Automatic;
				CURRENT_PROJECT_VERSION = 1;
				DEVELOPMENT_TEAM = 6HVZQF48D4;
				GENERATE_INFOPLIST_FILE = YES;
				INFOPLIST_FILE = Lap07/Info.plist;
				INFOPLIST_KEY_UIApplicationSupportsIndirectInputEvents = YES;
				INFOPLIST_KEY_UILaunchStoryboardName = LaunchScreen;
				INFOPLIST_KEY_UIMainStoryboardFile = Main;
				INFOPLIST_KEY_UISupportedInterfaceOrientations_iPad = "UIInterfaceOrientationPortrait UIInterfaceOrientationPortraitUpsideDown UIInterfaceOrientationLandscapeLeft UIInterfaceOrientationLandscapeRight";
				INFOPLIST_KEY_UISupportedInterfaceOrientations_iPhone = "UIInterfaceOrientationPortrait UIInterfaceOrientationLandscapeLeft UIInterfaceOrientationLandscapeRight";
				LD_RUNPATH_SEARCH_PATHS = (
					"$(inherited)",
					"@executable_path/Frameworks",
				);
				MARKETING_VERSION = 1.0;
				PRODUCT_BUNDLE_IDENTIFIER = w.Lap07;
				PRODUCT_NAME = "$(TARGET_NAME)";
				SWIFT_EMIT_LOC_STRINGS = YES;
				SWIFT_VERSION = 5.0;
				TARGETED_DEVICE_FAMILY = "1,2";
			};
			name = Release;
		};
		2D191F22271C0EB000813419 /* Debug */ = {
			isa = XCBuildConfiguration;
			buildSettings = {
				ALWAYS_EMBED_SWIFT_STANDARD_LIBRARIES = YES;
				BUNDLE_LOADER = "$(TEST_HOST)";
				CODE_SIGN_STYLE = Automatic;
				CURRENT_PROJECT_VERSION = 1;
				DEVELOPMENT_TEAM = 6HVZQF48D4;
				GENERATE_INFOPLIST_FILE = YES;
				IPHONEOS_DEPLOYMENT_TARGET = 15.0;
				LD_RUNPATH_SEARCH_PATHS = (
					"$(inherited)",
					"@executable_path/Frameworks",
					"@loader_path/Frameworks",
				);
				MARKETING_VERSION = 1.0;
				PRODUCT_BUNDLE_IDENTIFIER = w.Lap07Tests;
				PRODUCT_NAME = "$(TARGET_NAME)";
				SWIFT_EMIT_LOC_STRINGS = NO;
				SWIFT_VERSION = 5.0;
				TARGETED_DEVICE_FAMILY = "1,2";
				TEST_HOST = "$(BUILT_PRODUCTS_DIR)/Lap07.app/Lap07";
			};
			name = Debug;
		};
		2D191F23271C0EB000813419 /* Release */ = {
			isa = XCBuildConfiguration;
			buildSettings = {
				ALWAYS_EMBED_SWIFT_STANDARD_LIBRARIES = YES;
				BUNDLE_LOADER = "$(TEST_HOST)";
				CODE_SIGN_STYLE = Automatic;
				CURRENT_PROJECT_VERSION = 1;
				DEVELOPMENT_TEAM = 6HVZQF48D4;
				GENERATE_INFOPLIST_FILE = YES;
				IPHONEOS_DEPLOYMENT_TARGET = 15.0;
				LD_RUNPATH_SEARCH_PATHS = (
					"$(inherited)",
					"@executable_path/Frameworks",
					"@loader_path/Frameworks",
				);
				MARKETING_VERSION = 1.0;
				PRODUCT_BUNDLE_IDENTIFIER = w.Lap07Tests;
				PRODUCT_NAME = "$(TARGET_NAME)";
				SWIFT_EMIT_LOC_STRINGS = NO;
				SWIFT_VERSION = 5.0;
				TARGETED_DEVICE_FAMILY = "1,2";
				TEST_HOST = "$(BUILT_PRODUCTS_DIR)/Lap07.app/Lap07";
			};
			name = Release;
		};
		2D191F25271C0EB000813419 /* Debug */ = {
			isa = XCBuildConfiguration;
			buildSettings = {
				ALWAYS_EMBED_SWIFT_STANDARD_LIBRARIES = YES;
				CODE_SIGN_STYLE = Automatic;
				CURRENT_PROJECT_VERSION = 1;
				DEVELOPMENT_TEAM = 6HVZQF48D4;
				GENERATE_INFOPLIST_FILE = YES;
				LD_RUNPATH_SEARCH_PATHS = (
					"$(inherited)",
					"@executable_path/Frameworks",
					"@loader_path/Frameworks",
				);
				MARKETING_VERSION = 1.0;
				PRODUCT_BUNDLE_IDENTIFIER = w.Lap07UITests;
				PRODUCT_NAME = "$(TARGET_NAME)";
				SWIFT_EMIT_LOC_STRINGS = NO;
				SWIFT_VERSION = 5.0;
				TARGETED_DEVICE_FAMILY = "1,2";
				TEST_TARGET_NAME = Lap07;
			};
			name = Debug;
		};
		2D191F26271C0EB000813419 /* Release */ = {
			isa = XCBuildConfiguration;
			buildSettings = {
				ALWAYS_EMBED_SWIFT_STANDARD_LIBRARIES = YES;
				CODE_SIGN_STYLE = Automatic;
				CURRENT_PROJECT_VERSION = 1;
				DEVELOPMENT_TEAM = 6HVZQF48D4;
				GENERATE_INFOPLIST_FILE = YES;
				LD_RUNPATH_SEARCH_PATHS = (
					"$(inherited)",
					"@executable_path/Frameworks",
					"@loader_path/Frameworks",
				);
				MARKETING_VERSION = 1.0;
				PRODUCT_BUNDLE_IDENTIFIER = w.Lap07UITests;
				PRODUCT_NAME = "$(TARGET_NAME)";
				SWIFT_EMIT_LOC_STRINGS = NO;
				SWIFT_VERSION = 5.0;
				TARGETED_DEVICE_FAMILY = "1,2";
				TEST_TARGET_NAME = Lap07;
			};
			name = Release;
		};
/* End XCBuildConfiguration section */

/* Begin XCConfigurationList section */
		2D191EEF271C0EAE00813419 /* Build configuration list for PBXProject "Lap07" */ = {
			isa = XCConfigurationList;
			buildConfigurations = (
				2D191F1C271C0EB000813419 /* Debug */,
				2D191F1D271C0EB000813419 /* Release */,
			);
			defaultConfigurationIsVisible = 0;
			defaultConfigurationName = Release;
		};
		2D191F1E271C0EB000813419 /* Build configuration list for PBXNativeTarget "Lap07" */ = {
			isa = XCConfigurationList;
			buildConfigurations = (
				2D191F1F271C0EB000813419 /* Debug */,
				2D191F20271C0EB000813419 /* Release */,
			);
			defaultConfigurationIsVisible = 0;
			defaultConfigurationName = Release;
		};
		2D191F21271C0EB000813419 /* Build configuration list for PBXNativeTarget "Lap07Tests" */ = {
			isa = XCConfigurationList;
			buildConfigurations = (
				2D191F22271C0EB000813419 /* Debug */,
				2D191F23271C0EB000813419 /* Release */,
			);
			defaultConfigurationIsVisible = 0;
			defaultConfigurationName = Release;
		};
		2D191F24271C0EB000813419 /* Build configuration list for PBXNativeTarget "Lap07UITests" */ = {
			isa = XCConfigurationList;
			buildConfigurations = (
				2D191F25271C0EB000813419 /* Debug */,
				2D191F26271C0EB000813419 /* Release */,
			);
			defaultConfigurationIsVisible = 0;
			defaultConfigurationName = Release;
		};
/* End XCConfigurationList section */
	};
	rootObject = 2D191EEC271C0EAE00813419 /* Project object */;
}
